
Microsoft Visual Studio Solution File, Format Version 12.00
# Visual Studio Version 16
VisualStudioVersion = 16.0.30717.126
MinimumVisualStudioVersion = 10.0.40219.1
Project("{9A19103F-16F7-4668-BE54-9A1E7A4F7556}") = "TESTEA03", "TESTEA03.csproj", "{186E4704-4A1A-4224-8467-AB14395786F0}"
EndProject
Global
	GlobalSection(SolutionConfigurationPlatforms) = preSolution
		Debug|Any CPU = Debug|Any CPU
		Release|Any CPU = Release|Any CPU
	EndGlobalSection
	GlobalSection(ProjectConfigurationPlatforms) = postSolution
		{186E4704-4A1A-4224-8467-AB14395786F0}.Debug|Any CPU.ActiveCfg = Debug|Any CPU
		{186E4704-4A1A-4224-8467-AB14395786F0}.Debug|Any CPU.Build.0 = Debug|Any CPU
		{186E4704-4A1A-4224-8467-AB14395786F0}.Release|Any CPU.ActiveCfg = Release|Any CPU
		{186E4704-4A1A-4224-8467-AB14395786F0}.Release|Any CPU.Build.0 = Release|Any CPU
	EndGlobalSection
	GlobalSection(SolutionProperties) = preSolution
		HideSolutionNode = FALSE
	EndGlobalSection
	GlobalSection(ExtensibilityGlobals) = postSolution
		SolutionGuid = {1B5F9ECF-1883-4D79-AD42-699CC51FA303}
	EndGlobalSection
EndGlobal
